
Microsoft Visual Studio Solution File, Format Version 12.00
# Visual Studio Version 16
VisualStudioVersion = 16.0.29306.81
MinimumVisualStudioVersion = 10.0.40219.1
Project("{FAE04EC0-301F-11D3-BF4B-00C04F79EFBC}") = "LaboratorioCriptografia", "LaboratorioCriptografia.csproj", "{BEF45C5F-E3FA-40EA-9D3B-9C4A37767769}"
EndProject
Global
	GlobalSection(SolutionConfigurationPlatforms) = preSolution
		Debug|Any CPU = Debug|Any CPU
		Release|Any CPU = Release|Any CPU
	EndGlobalSection
	GlobalSection(ProjectConfigurationPlatforms) = postSolution
		{BEF45C5F-E3FA-40EA-9D3B-9C4A37767769}.Debug|Any CPU.ActiveCfg = Debug|Any CPU
		{BEF45C5F-E3FA-40EA-9D3B-9C4A37767769}.Debug|Any CPU.Build.0 = Debug|Any CPU
		{BEF45C5F-E3FA-40EA-9D3B-9C4A37767769}.Release|Any CPU.ActiveCfg = Release|Any CPU
		{BEF45C5F-E3FA-40EA-9D3B-9C4A37767769}.Release|Any CPU.Build.0 = Release|Any CPU
	EndGlobalSection
	GlobalSection(SolutionProperties) = preSolution
		HideSolutionNode = FALSE
	EndGlobalSection
	GlobalSection(ExtensibilityGlobals) = postSolution
		SolutionGuid = {ECD2EA7D-AF12-4FF2-9C11-2977C68B74C8}
	EndGlobalSection
EndGlobal
